
Microsoft Visual Studio Solution File, Format Version 12.00
# Visual Studio Version 17
VisualStudioVersion = 17.10.35013.160
MinimumVisualStudioVersion = 10.0.40219.1
Project("{FAE04EC0-301F-11D3-BF4B-00C04F79EFBC}") = "encapsulationn", "encapsulationn\encapsulationn.csproj", "{641F6EE7-145F-48DC-AC0C-E3EE71038782}"
EndProject
Global
	GlobalSection(SolutionConfigurationPlatforms) = preSolution
		Debug|Any CPU = Debug|Any CPU
		Release|Any CPU = Release|Any CPU
	EndGlobalSection
	GlobalSection(ProjectConfigurationPlatforms) = postSolution
		{641F6EE7-145F-48DC-AC0C-E3EE71038782}.Debug|Any CPU.ActiveCfg = Debug|Any CPU
		{641F6EE7-145F-48DC-AC0C-E3EE71038782}.Debug|Any CPU.Build.0 = Debug|Any CPU
		{641F6EE7-145F-48DC-AC0C-E3EE71038782}.Release|Any CPU.ActiveCfg = Release|Any CPU
		{641F6EE7-145F-48DC-AC0C-E3EE71038782}.Release|Any CPU.Build.0 = Release|Any CPU
	EndGlobalSection
	GlobalSection(SolutionProperties) = preSolution
		HideSolutionNode = FALSE
	EndGlobalSection
	GlobalSection(ExtensibilityGlobals) = postSolution
		SolutionGuid = {C63F9FA3-E7D9-4AD3-9E32-F9444C6683B6}
	EndGlobalSection
EndGlobal
